speakeasyVersion: 1.800.1
sources:
    Shadeform API:
        sourceNamespace: shadeform-api
        sourceRevisionDigest: sha256:dbaf2845a76e54d4d4c19041f8e50cd5c65716a7df002d5e4f612882da5a122c
        sourceBlobDigest: sha256:c3e57752ac30dac55ac20c82feabb949a91f17fb6f93d1454fbbce76257bd537
        tags:
            - latest
            - 1.0.0
targets:
    shadeform:
        source: Shadeform API
        sourceNamespace: shadeform-api
        sourceRevisionDigest: sha256:dbaf2845a76e54d4d4c19041f8e50cd5c65716a7df002d5e4f612882da5a122c
        sourceBlobDigest: sha256:c3e57752ac30dac55ac20c82feabb949a91f17fb6f93d1454fbbce76257bd537
workflow:
    workflowVersion: 1.0.0
    speakeasyVersion: latest
    sources:
        Shadeform API:
            inputs:
                - location: https://docs.shadeform.ai/openapi.yaml
            overlays:
                - location: .speakeasy/overlay.yaml
            output: .speakeasy/out.openapi.yaml
            registry:
                location: registry.speakeasyapi.dev/shadeform-ivx/production/shadeform-api
    targets:
        shadeform:
            target: cli
            source: Shadeform API
